
Microsoft Visual Studio Solution File, Format Version 12.00
# Visual Studio Version 17
VisualStudioVersion = 17.13.35913.81 d17.13
MinimumVisualStudioVersion = 10.0.40219.1
Project("{888888A0-9F3D-457C-B088-3A5042F75D52}") = "rjust_function", "rjust_function\rjust_function.pyproj", "{A5454261-4890-493F-B1B9-DA87F1DE50A3}"
EndProject
Global
	GlobalSection(SolutionConfigurationPlatforms) = preSolution
		Debug|Any CPU = Debug|Any CPU
		Release|Any CPU = Release|Any CPU
	EndGlobalSection
	GlobalSection(ProjectConfigurationPlatforms) = postSolution
		{A5454261-4890-493F-B1B9-DA87F1DE50A3}.Debug|Any CPU.ActiveCfg = Debug|Any CPU
		{A5454261-4890-493F-B1B9-DA87F1DE50A3}.Release|Any CPU.ActiveCfg = Release|Any CPU
	EndGlobalSection
	GlobalSection(SolutionProperties) = preSolution
		HideSolutionNode = FALSE
	EndGlobalSection
	GlobalSection(ExtensibilityGlobals) = postSolution
		SolutionGuid = {E17FBD6C-7818-48DE-BCD1-5496D13ACD5C}
	EndGlobalSection
EndGlobal
