
Microsoft Visual Studio Solution File, Format Version 12.00
# Visual Studio Version 17
VisualStudioVersion = 17.13.35913.81 d17.13
MinimumVisualStudioVersion = 10.0.40219.1
Project("{888888A0-9F3D-457C-B088-3A5042F75D52}") = "ljust_function", "ljust_function\ljust_function.pyproj", "{9B605984-044B-4D0F-AA1E-1B6F9156AD5B}"
EndProject
Global
	GlobalSection(SolutionConfigurationPlatforms) = preSolution
		Debug|Any CPU = Debug|Any CPU
		Release|Any CPU = Release|Any CPU
	EndGlobalSection
	GlobalSection(ProjectConfigurationPlatforms) = postSolution
		{9B605984-044B-4D0F-AA1E-1B6F9156AD5B}.Debug|Any CPU.ActiveCfg = Debug|Any CPU
		{9B605984-044B-4D0F-AA1E-1B6F9156AD5B}.Release|Any CPU.ActiveCfg = Release|Any CPU
	EndGlobalSection
	GlobalSection(SolutionProperties) = preSolution
		HideSolutionNode = FALSE
	EndGlobalSection
	GlobalSection(ExtensibilityGlobals) = postSolution
		SolutionGuid = {348ABA86-3474-4246-9BBF-513AE4A27A0E}
	EndGlobalSection
EndGlobal
